PODS:
  - WZLBase/Category (0.3.6)
  - WZLMaseBusiness (0.1.0):
    - WZLBase/Category

DEPENDENCIES:
  - WZLMaseBusiness (from `../`)

EXTERNAL SOURCES:
  WZLMaseBusiness:
    :path: ../

SPEC CHECKSUMS:
  WZLBase: 5b7b278eeba071a78f43bfda9b8e130c59101364
  WZLMaseBusiness: 2639130c70c46d6ea67d9ec0db3b49a9d68dc0e0

PODFILE CHECKSUM: aae99bdc8c160fa57eb2c353f7b0396d9a481439

COCOAPODS: 1.3.1
